github.com/globalxtreme/gobaseconf v1.2.1 h1:xL3yKn8y8rk2iifCakMSWyonUJaLHILfaOAGZ0ddD7U=
github.com/globalxtreme/gobaseconf v1.2.1/go.mod h1:eX/NOGawyCtp7G049na90RslzQK2SjihZtOlXH18q/Q=
github.com/globalxtreme/gobaseconf v1.3.13 h1:4u56ujYLl01jsE0PznKJD9fzvhp3yfwXZHlATtOhjLc=
github.com/globalxtreme/gobaseconf v1.3.13/go.mod h1:JPSdwQAUKxI4VI3Ncqxj/Tx1Y4AxSGG0qqDBJ56pT2c=
